
Microsoft Visual Studio Solution File, Format Version 12.00
# Visual Studio Version 17
VisualStudioVersion = 17.0.31825.309
MinimumVisualStudioVersion = 10.0.40219.1
Project("{FAE04EC0-301F-11D3-BF4B-00C04F79EFBC}") = "WebAppMVC", "WebAppMVC\WebAppMVC.csproj", "{A066E506-B439-4854-B1B2-DB306CC283E5}"
EndProject
Project("{FAE04EC0-301F-11D3-BF4B-00C04F79EFBC}") = "Domain", "Domain\Domain.csproj", "{5C89C252-0901-47EE-99AC-7F08B32712DE}"
EndProject
Global
	GlobalSection(SolutionConfigurationPlatforms) = preSolution
		Debug|Any CPU = Debug|Any CPU
		Release|Any CPU = Release|Any CPU
	EndGlobalSection
	GlobalSection(ProjectConfigurationPlatforms) = postSolution
		{A066E506-B439-4854-B1B2-DB306CC283E5}.Debug|Any CPU.ActiveCfg = Debug|Any CPU
		{A066E506-B439-4854-B1B2-DB306CC283E5}.Debug|Any CPU.Build.0 = Debug|Any CPU
		{A066E506-B439-4854-B1B2-DB306CC283E5}.Release|Any CPU.ActiveCfg = Release|Any CPU
		{A066E506-B439-4854-B1B2-DB306CC283E5}.Release|Any CPU.Build.0 = Release|Any CPU
		{5C89C252-0901-47EE-99AC-7F08B32712DE}.Debug|Any CPU.ActiveCfg = Debug|Any CPU
		{5C89C252-0901-47EE-99AC-7F08B32712DE}.Debug|Any CPU.Build.0 = Debug|Any CPU
		{5C89C252-0901-47EE-99AC-7F08B32712DE}.Release|Any CPU.ActiveCfg = Release|Any CPU
		{5C89C252-0901-47EE-99AC-7F08B32712DE}.Release|Any CPU.Build.0 = Release|Any CPU
	EndGlobalSection
	GlobalSection(SolutionProperties) = preSolution
		HideSolutionNode = FALSE
	EndGlobalSection
	GlobalSection(ExtensibilityGlobals) = postSolution
		SolutionGuid = {FA47F432-A78B-4D63-B42A-5FCCD1F6961B}
	EndGlobalSection
EndGlobal
